<?xml version="1.0" encoding="utf-8"?>
<Project ToolsVersion="4.0" xmlns="http://schemas.microsoft.com/developer/msbuild/2003">
  <ItemGroup>
    <Filter Include="Source Files">
      <UniqueIdentifier>{4FC737F1-C7A5-4376-A066-2A32D752A2FF}</UniqueIdentifier>
      <Extensions>cpp;c;cc;cxx;c++;cppm;ixx;def;odl;idl;hpj;bat;asm;asmx</Extensions>
    </Filter>
    <Filter Include="Header Files">
      <UniqueIdentifier>{93995380-89BD-4b04-88EB-625FBE52EBFB}</UniqueIdentifier>
      <Extensions>h;hh;hpp;hxx;h++;hm;inl;inc;ipp;xsd</Extensions>
    </Filter>
    <Filter Include="Resource Files">
      <UniqueIdentifier>{67DA6AB6-F800-4c08-8B7A-83BB121AAD01}</UniqueIdentifier>
      <Extensions>rc;ico;cur;bmp;dlg;rc2;rct;bin;rgs;gif;jpg;jpeg;jpe;resx;tiff;tif;png;wav;mfcribbon-ms</Extensions>
    </Filter>
    <Filter Include="Header Files\Components">
      <UniqueIdentifier>{912c7df2-68de-4288-897c-d0f8b3e75303}</UniqueIdentifier>
    </Filter>
    <Filter Include="Header Files\Commands">
      <UniqueIdentifier>{a1a427f1-62ad-4485-bca6-bf8457ec228e}</UniqueIdentifier>
    </Filter>
    <Filter Include="Header Files\States">
      <UniqueIdentifier>{d0eb98d6-073f-4415-a770-86df1d0be304}</UniqueIdentifier>
    </Filter>
    <Filter Include="Source Files\Components">
      <UniqueIdentifier>{54fb457f-b74d-4115-98be-10358fa45e43}</UniqueIdentifier>
    </Filter>
    <Filter Include="Source Files\States">
      <UniqueIdentifier>{ab63db70-845d-45e1-b784-dd5705ebf895}</UniqueIdentifier>
    </Filter>
  </ItemGroup>
  <ItemGroup>
    <ClCompile Include="Galaga.cpp">
      <Filter>Source Files</Filter>
    </ClCompile>
    <ClCompile Include="..\Minigin\BaseAIController.h">
      <Filter>Header Files</Filter>
    </ClCompile>
    <ClCompile Include="..\Minigin\BeeAiControllerComponent.cpp">
      <Filter>Source Files\Components</Filter>
    </ClCompile>
    <ClCompile Include="..\Minigin\PlayerComponent.cpp">
      <Filter>Source Files\Components</Filter>
    </ClCompile>
    <ClCompile Include="..\Minigin\EnemyStates.cpp">
      <Filter>Source Files\States</Filter>
    </ClCompile>
    <ClCompile Include="..\Minigin\BaseAIController.cpp">
      <Filter>Source Files</Filter>
    </ClCompile>
    <ClCompile Include="BulletComponent.cpp">
      <Filter>Source Files\Components</Filter>
    </ClCompile>
    <ClCompile Include="GalagaGameManager.cpp">
      <Filter>Source Files</Filter>
    </ClCompile>
    <ClCompile Include="MenuManager.cpp">
      <Filter>Source Files</Filter>
    </ClCompile>
    <ClCompile Include="MenuItemComponent.cpp">
      <Filter>Source Files</Filter>
    </ClCompile>
  </ItemGroup>
  <ItemGroup>
    <ClInclude Include="..\Minigin\BeeAiControllerComponent.h">
      <Filter>Header Files\Components</Filter>
    </ClInclude>
    <ClInclude Include="..\Minigin\InputCommands.h">
      <Filter>Header Files\Commands</Filter>
    </ClInclude>
    <ClInclude Include="..\Minigin\EnemyStates.h">
      <Filter>Header Files\States</Filter>
    </ClInclude>
    <ClInclude Include="..\Minigin\PlayerComponent.h">
      <Filter>Header Files\Components</Filter>
    </ClInclude>
    <ClInclude Include="BulletComponent.h">
      <Filter>Header Files\Components</Filter>
    </ClInclude>
    <ClInclude Include="GalagaGameManager.h">
      <Filter>Header Files</Filter>
    </ClInclude>
    <ClInclude Include="MenuManager.h">
      <Filter>Header Files</Filter>
    </ClInclude>
    <ClInclude Include="MenuItemComponent.h">
      <Filter>Header Files</Filter>
    </ClInclude>
  </ItemGroup>
</Project>